{
  "name": "@nrfcloud/lambda-helpers",
  "version": "0.0.0-development",
  "lockfileVersion": 3,
  "requires": true,
  "packages": {
    "": {
      "name": "@nrfcloud/lambda-helpers",
      "version": "0.0.0-development",
      "license": "BSD-3-Clause",
      "dependencies": {
        "@aws-lambda-powertools/metrics": "2.31.0",
        "@middy/core": "7.1.6",
        "@middy/input-output-logger": "7.1.6",
        "@nrfcloud/problem-detail": "npm:@jsr/nrfcloud__problem-detail@^1.2.0",
        "@sinclair/typebox": "0.34.48"
      },
      "devDependencies": {
        "@bifravst/prettier-config": "1.1.17",
        "@nrfcloud/validate-with-typebox": "npm:@jsr/nrfcloud__validate-with-typebox@^1.0.2",
        "@types/aws-lambda": "8.10.161",
        "@types/node": "25.5.0",
        "@typescript/native-preview": "7.0.0-dev.20260309.1",
        "prettier": "3.8.1"
      },
      "engines": {
        "node": ">=24",
        "npm": ">=11"
      }
    },
    "node_modules/@aws-lambda-powertools/commons": {
      "version": "2.31.0",
      "resolved": "https://registry.npmjs.org/@aws-lambda-powertools/commons/-/commons-2.31.0.tgz",
      "integrity": "sha512-K5Hy3WtU/n0M8/kgsgw6OVlF709PHOfnTfsWrJS2Cs1vVjEeBvW22a6u9n3VPNpDeqJ7GIodmSkbuzvQzq6vaA==",
      "license": "MIT-0",
      "dependencies": {
        "@aws/lambda-invoke-store": "0.2.3"
      }
    },
    "node_modules/@aws-lambda-powertools/metrics": {
      "version": "2.31.0",
      "resolved": "https://registry.npmjs.org/@aws-lambda-powertools/metrics/-/metrics-2.31.0.tgz",
      "integrity": "sha512-7yBYWqdgZOCMl4yRZgdqjEGCX26HZE8l76UAspHFyCP4WDjuBrWe5znYN1rHlQIL5eiAP1TFw0GuCxkBHn6d+A==",
      "license": "MIT-0",
      "dependencies": {
        "@aws-lambda-powertools/commons": "2.31.0",
        "@aws/lambda-invoke-store": "0.2.3"
      },
      "peerDependencies": {
        "@middy/core": "4.x || 5.x || 6.x || 7.x"
      },
      "peerDependenciesMeta": {
        "@middy/core": {
          "optional": true
        }
      }
    },
    "node_modules/@aws/lambda-invoke-store": {
      "version": "0.2.3",
      "resolved": "https://registry.npmjs.org/@aws/lambda-invoke-store/-/lambda-invoke-store-0.2.3.tgz",
      "integrity": "sha512-oLvsaPMTBejkkmHhjf09xTgk71mOqyr/409NKhRIL08If7AhVfUsJhVsx386uJaqNd42v9kWamQ9lFbkoC2dYw==",
      "license": "Apache-2.0",
      "engines": {
        "node": ">=18.0.0"
      }
    },
    "node_modules/@bifravst/prettier-config": {
      "version": "1.1.17",
      "resolved": "https://registry.npmjs.org/@bifravst/prettier-config/-/prettier-config-1.1.17.tgz",
      "integrity": "sha512-2Nc1w0+LsLoxpP8uKO/yb8U49r8fYH/i/aglUs4bTdJzZNvHsV+oSY6BQBAygzfVjY346bfK21BFdRG4RAOqgw==",
      "dev": true,
      "license": "BSD-3-Clause",
      "dependencies": {
        "prettier": "3.7.4",
        "prettier-plugin-organize-imports": "4.3.0"
      },
      "engines": {
        "node": ">=22",
        "npm": ">=10"
      }
    },
    "node_modules/@bifravst/prettier-config/node_modules/prettier": {
      "version": "3.7.4",
      "resolved": "https://registry.npmjs.org/prettier/-/prettier-3.7.4.tgz",
      "integrity": "sha512-v6UNi1+3hSlVvv8fSaoUbggEM5VErKmmpGA7Pl3HF8V6uKY7rvClBOJlH6yNwQtfTueNkGVpOv/mtWL9L4bgRA==",
      "dev": true,
      "license": "MIT",
      "bin": {
        "prettier": "bin/prettier.cjs"
      },
      "engines": {
        "node": ">=14"
      },
      "funding": {
        "url": "https://github.com/prettier/prettier?sponsor=1"
      }
    },
    "node_modules/@middy/core": {
      "version": "7.1.6",
      "resolved": "https://registry.npmjs.org/@middy/core/-/core-7.1.6.tgz",
      "integrity": "sha512-c66xowwfk/tslDA7qcUCFWm6KfLorf/3z5MpzJyKtYjLxAjJ/WTSKsNSIyXa+FwrZYs43BbvvbXpUA6SMt3QmQ==",
      "license": "MIT",
      "dependencies": {
        "@middy/util": "7.1.6"
      },
      "engines": {
        "node": ">=22"
      },
      "funding": {
        "type": "github",
        "url": "https://github.com/sponsors/willfarrell"
      },
      "peerDependencies": {
        "@aws/durable-execution-sdk-js": "^1.0.0"
      },
      "peerDependenciesMeta": {
        "@aws/durable-execution-sdk-js": {
          "optional": true
        }
      }
    },
    "node_modules/@middy/input-output-logger": {
      "version": "7.1.6",
      "resolved": "https://registry.npmjs.org/@middy/input-output-logger/-/input-output-logger-7.1.6.tgz",
      "integrity": "sha512-6Nut1ztY0P7v7L2ctrojie1Zwx7EJU7LDqE5ZTpTRBvP6ITGYCwovNQKV3RyVqCpvNKqpGeVKBUR6XZXqbHyPw==",
      "license": "MIT",
      "dependencies": {
        "@middy/util": "7.1.6"
      },
      "engines": {
        "node": ">=22"
      },
      "funding": {
        "type": "github",
        "url": "https://github.com/sponsors/willfarrell"
      }
    },
    "node_modules/@middy/util": {
      "version": "7.1.6",
      "resolved": "https://registry.npmjs.org/@middy/util/-/util-7.1.6.tgz",
      "integrity": "sha512-QATLb3XBrQNXsKcOShFKZ+XrkfIVF7b2qj8HsspSJAHul4etv0qL04Fd8aP7GdUAbHZCO43YDxDYwfCmNKaVDg==",
      "license": "MIT",
      "engines": {
        "node": ">=22"
      },
      "funding": {
        "type": "github",
        "url": "https://github.com/sponsors/willfarrell"
      }
    },
    "node_modules/@nrfcloud/problem-detail": {
      "name": "@jsr/nrfcloud__problem-detail",
      "version": "1.2.0",
      "resolved": "https://npm.jsr.io/~/11/@jsr/nrfcloud__problem-detail/1.2.0.tgz",
      "integrity": "sha512-2RSs0CkiKQ6yYwcf3RZWqTCAESh8u2NA7HUebWoo5YY08IGUHLKEv3M4YzoD+g4M1qiobK+0ePJIbdbdWAaINQ==",
      "dependencies": {
        "@sinclair/typebox": "0.34.48"
      }
    },
    "node_modules/@nrfcloud/validate-with-typebox": {
      "name": "@jsr/nrfcloud__validate-with-typebox",
      "version": "1.0.2",
      "resolved": "https://npm.jsr.io/~/11/@jsr/nrfcloud__validate-with-typebox/1.0.2.tgz",
      "integrity": "sha512-xHS8xD+ppOcOrtuf8ugwv2cnhoEqvptuKl4tau5tyF+VsP7ZKV0+Gdukykj3X8vjFuGy5fOxcHkr3utbk9QAtw==",
      "dev": true,
      "dependencies": {
        "@sinclair/typebox": "0.34.48"
      }
    },
    "node_modules/@sinclair/typebox": {
      "version": "0.34.48",
      "resolved": "https://registry.npmjs.org/@sinclair/typebox/-/typebox-0.34.48.tgz",
      "integrity": "sha512-kKJTNuK3AQOrgjjotVxMrCn1sUJwM76wMszfq1kdU4uYVJjvEWuFQ6HgvLt4Xz3fSmZlTOxJ/Ie13KnIcWQXFA==",
      "license": "MIT"
    },
    "node_modules/@types/aws-lambda": {
      "version": "8.10.161",
      "resolved": "https://registry.npmjs.org/@types/aws-lambda/-/aws-lambda-8.10.161.tgz",
      "integrity": "sha512-rUYdp+MQwSFocxIOcSsYSF3YYYC/uUpMbCY/mbO21vGqfrEYvNSoPyKYDj6RhXXpPfS0KstW9RwG3qXh9sL7FQ==",
      "dev": true,
      "license": "MIT"
    },
    "node_modules/@types/node": {
      "version": "25.5.0",
      "resolved": "https://registry.npmjs.org/@types/node/-/node-25.5.0.tgz",
      "integrity": "sha512-jp2P3tQMSxWugkCUKLRPVUpGaL5MVFwF8RDuSRztfwgN1wmqJeMSbKlnEtQqU8UrhTmzEmZdu2I6v2dpp7XIxw==",
      "dev": true,
      "license": "MIT",
      "dependencies": {
        "undici-types": "~7.18.0"
      }
    },
    "node_modules/@typescript/native-preview": {
      "version": "7.0.0-dev.20260309.1",
      "resolved": "https://registry.npmjs.org/@typescript/native-preview/-/native-preview-7.0.0-dev.20260309.1.tgz",
      "integrity": "sha512-ZK+ExK7scBzUCAXCTtAwUm6QENJ+l3tCDQXNCly4WcGUvbIAWdaiNns4brganGN9nrxxRkC9Rx0CrxvIsn9zHA==",
      "dev": true,
      "license": "Apache-2.0",
      "bin": {
        "tsgo": "bin/tsgo.js"
      },
      "optionalDependencies": {
        "@typescript/native-preview-darwin-arm64": "7.0.0-dev.20260309.1",
        "@typescript/native-preview-darwin-x64": "7.0.0-dev.20260309.1",
        "@typescript/native-preview-linux-arm": "7.0.0-dev.20260309.1",
        "@typescript/native-preview-linux-arm64": "7.0.0-dev.20260309.1",
        "@typescript/native-preview-linux-x64": "7.0.0-dev.20260309.1",
        "@typescript/native-preview-win32-arm64": "7.0.0-dev.20260309.1",
        "@typescript/native-preview-win32-x64": "7.0.0-dev.20260309.1"
      }
    },
    "node_modules/@typescript/native-preview-darwin-arm64": {
      "version": "7.0.0-dev.20260309.1",
      "resolved": "https://registry.npmjs.org/@typescript/native-preview-darwin-arm64/-/native-preview-darwin-arm64-7.0.0-dev.20260309.1.tgz",
      "integrity": "sha512-Vszk6vbONyyT47mUTEFNAXk+bJisM8F0pI+MyNPM8i2oorex7Gbp7ivFUGzdZHRFPDXMrlw6AXmgx1U2tZxiHw==",
      "cpu": [
        "arm64"
      ],
      "dev": true,
      "license": "Apache-2.0",
      "optional": true,
      "os": [
        "darwin"
      ]
    },
    "node_modules/@typescript/native-preview-darwin-x64": {
      "version": "7.0.0-dev.20260309.1",
      "resolved": "https://registry.npmjs.org/@typescript/native-preview-darwin-x64/-/native-preview-darwin-x64-7.0.0-dev.20260309.1.tgz",
      "integrity": "sha512-UmmW/L1fW6URMILx5HqxcL2kElOyTYbY6M8yRMQK7gmBzsbkGj37JYN+WZgPkz/PQCVsxwIFcot6WmKRRXeBxQ==",
      "cpu": [
        "x64"
      ],
      "dev": true,
      "license": "Apache-2.0",
      "optional": true,
      "os": [
        "darwin"
      ]
    },
    "node_modules/@typescript/native-preview-linux-arm": {
      "version": "7.0.0-dev.20260309.1",
      "resolved": "https://registry.npmjs.org/@typescript/native-preview-linux-arm/-/native-preview-linux-arm-7.0.0-dev.20260309.1.tgz",
      "integrity": "sha512-G5zgoOZP2NjZ1kga9mend2in1e3C+Mm3XufelVZ9RwWRka744s6KxAsen853LizCrxBh58foj9pPVnH6gKUJvg==",
      "cpu": [
        "arm"
      ],
      "dev": true,
      "license": "Apache-2.0",
      "optional": true,
      "os": [
        "linux"
      ]
    },
    "node_modules/@typescript/native-preview-linux-arm64": {
      "version": "7.0.0-dev.20260309.1",
      "resolved": "https://registry.npmjs.org/@typescript/native-preview-linux-arm64/-/native-preview-linux-arm64-7.0.0-dev.20260309.1.tgz",
      "integrity": "sha512-sN5rQRvqre8JHUISJhybUQ1e4a+mb/Ifa+uWHJawJ2tojTXWkU1rJTZBnAN3/XeoIJgeSdaZQAZRDlW9B7zbvw==",
      "cpu": [
        "arm64"
      ],
      "dev": true,
      "license": "Apache-2.0",
      "optional": true,
      "os": [
        "linux"
      ]
    },
    "node_modules/@typescript/native-preview-linux-x64": {
      "version": "7.0.0-dev.20260309.1",
      "resolved": "https://registry.npmjs.org/@typescript/native-preview-linux-x64/-/native-preview-linux-x64-7.0.0-dev.20260309.1.tgz",
      "integrity": "sha512-ZuHu9Sg4/akGSrO49hKLNKwrFXx7AZ2CS3PcTd85cC4nKudqB1aGD9rHxZZZyClj++e0qcNQ+4eTMn1sxDA9VQ==",
      "cpu": [
        "x64"
      ],
      "dev": true,
      "license": "Apache-2.0",
      "optional": true,
      "os": [
        "linux"
      ]
    },
    "node_modules/@typescript/native-preview-win32-arm64": {
      "version": "7.0.0-dev.20260309.1",
      "resolved": "https://registry.npmjs.org/@typescript/native-preview-win32-arm64/-/native-preview-win32-arm64-7.0.0-dev.20260309.1.tgz",
      "integrity": "sha512-RNIidoGPsRaALc1znXiWfNARkGptm9e55qYnaz11YPvMrqbRKP9Y6Ipx4Oh/diIeF7y9UYiikeyk7EsyKe//sw==",
      "cpu": [
        "arm64"
      ],
      "dev": true,
      "license": "Apache-2.0",
      "optional": true,
      "os": [
        "win32"
      ]
    },
    "node_modules/@typescript/native-preview-win32-x64": {
      "version": "7.0.0-dev.20260309.1",
      "resolved": "https://registry.npmjs.org/@typescript/native-preview-win32-x64/-/native-preview-win32-x64-7.0.0-dev.20260309.1.tgz",
      "integrity": "sha512-/rEvAKowcoEdL2VeNju8apkGHEmbat10jIn1Sncny1zIaWvaMFw6bhmny+kKwX+9deitMfo9ihLlo5GCPJuMPQ==",
      "cpu": [
        "x64"
      ],
      "dev": true,
      "license": "Apache-2.0",
      "optional": true,
      "os": [
        "win32"
      ]
    },
    "node_modules/prettier": {
      "version": "3.8.1",
      "resolved": "https://registry.npmjs.org/prettier/-/prettier-3.8.1.tgz",
      "integrity": "sha512-UOnG6LftzbdaHZcKoPFtOcCKztrQ57WkHDeRD9t/PTQtmT0NHSeWWepj6pS0z/N7+08BHFDQVUrfmfMRcZwbMg==",
      "dev": true,
      "license": "MIT",
      "bin": {
        "prettier": "bin/prettier.cjs"
      },
      "engines": {
        "node": ">=14"
      },
      "funding": {
        "url": "https://github.com/prettier/prettier?sponsor=1"
      }
    },
    "node_modules/prettier-plugin-organize-imports": {
      "version": "4.3.0",
      "resolved": "https://registry.npmjs.org/prettier-plugin-organize-imports/-/prettier-plugin-organize-imports-4.3.0.tgz",
      "integrity": "sha512-FxFz0qFhyBsGdIsb697f/EkvHzi5SZOhWAjxcx2dLt+Q532bAlhswcXGYB1yzjZ69kW8UoadFBw7TyNwlq96Iw==",
      "dev": true,
      "license": "MIT",
      "peerDependencies": {
        "prettier": ">=2.0",
        "typescript": ">=2.9",
        "vue-tsc": "^2.1.0 || 3"
      },
      "peerDependenciesMeta": {
        "vue-tsc": {
          "optional": true
        }
      }
    },
    "node_modules/typescript": {
      "version": "5.9.3",
      "resolved": "https://registry.npmjs.org/typescript/-/typescript-5.9.3.tgz",
      "integrity": "sha512-jl1vZzPDinLr9eUt3J/t7V6FgNEw9QjvBPdysz9KfQDD41fQrC2Y4vKQdiaUpFT4bXlb1RHhLpp8wtm6M5TgSw==",
      "dev": true,
      "license": "Apache-2.0",
      "peer": true,
      "bin": {
        "tsc": "bin/tsc",
        "tsserver": "bin/tsserver"
      },
      "engines": {
        "node": ">=14.17"
      }
    },
    "node_modules/undici-types": {
      "version": "7.18.2",
      "resolved": "https://registry.npmjs.org/undici-types/-/undici-types-7.18.2.tgz",
      "integrity": "sha512-AsuCzffGHJybSaRrmr5eHr81mwJU3kjw6M+uprWvCXiNeN9SOGwQ3Jn8jb8m3Z6izVgknn1R0FTCEAP2QrLY/w==",
      "dev": true,
      "license": "MIT"
    }
  }
}
